
Microsoft Visual Studio Solution File, Format Version 12.00
Project("{FAE04EC0-301F-11D3-BF4B-00C04F79EFBC}") = "GymManagement.WebMVC", "GymManagement.WebMVC\GymManagement.WebMVC.csproj", "{8D934087-BC32-470E-B723-40A588D5DFD8}"
EndProject
Project("{FAE04EC0-301F-11D3-BF4B-00C04F79EFBC}") = "GymManagement.Domain", "GymManagement.Domain\GymManagement.Domain.csproj", "{2E78FC97-9D71-44A2-80AA-72B3481839A6}"
EndProject
Project("{FAE04EC0-301F-11D3-BF4B-00C04F79EFBC}") = "GymManagement.Infrastructure", "GymManagement.Infrastructure\GymManagement.Infrastructure.csproj", "{8DA51401-5D8C-4D93-A6BF-09851E82FE8E}"
EndProject
Global
	GlobalSection(SolutionConfigurationPlatforms) = preSolution
		Debug|Any CPU = Debug|Any CPU
		Release|Any CPU = Release|Any CPU
	EndGlobalSection
	GlobalSection(ProjectConfigurationPlatforms) = postSolution
		{8D934087-BC32-470E-B723-40A588D5DFD8}.Debug|Any CPU.ActiveCfg = Debug|Any CPU
		{8D934087-BC32-470E-B723-40A588D5DFD8}.Debug|Any CPU.Build.0 = Debug|Any CPU
		{8D934087-BC32-470E-B723-40A588D5DFD8}.Release|Any CPU.ActiveCfg = Release|Any CPU
		{8D934087-BC32-470E-B723-40A588D5DFD8}.Release|Any CPU.Build.0 = Release|Any CPU
		{2E78FC97-9D71-44A2-80AA-72B3481839A6}.Debug|Any CPU.ActiveCfg = Debug|Any CPU
		{2E78FC97-9D71-44A2-80AA-72B3481839A6}.Debug|Any CPU.Build.0 = Debug|Any CPU
		{2E78FC97-9D71-44A2-80AA-72B3481839A6}.Release|Any CPU.ActiveCfg = Release|Any CPU
		{2E78FC97-9D71-44A2-80AA-72B3481839A6}.Release|Any CPU.Build.0 = Release|Any CPU
		{8DA51401-5D8C-4D93-A6BF-09851E82FE8E}.Debug|Any CPU.ActiveCfg = Debug|Any CPU
		{8DA51401-5D8C-4D93-A6BF-09851E82FE8E}.Debug|Any CPU.Build.0 = Debug|Any CPU
		{8DA51401-5D8C-4D93-A6BF-09851E82FE8E}.Release|Any CPU.ActiveCfg = Release|Any CPU
		{8DA51401-5D8C-4D93-A6BF-09851E82FE8E}.Release|Any CPU.Build.0 = Release|Any CPU
	EndGlobalSection
EndGlobal
